
Microsoft Visual Studio Solution File, Format Version 12.00
# Visual Studio Version 16
VisualStudioVersion = 16.0.31729.503
MinimumVisualStudioVersion = 10.0.40219.1
Project("{FAE04EC0-301F-11D3-BF4B-00C04F79EFBC}") = "ProjektA", "ProjektA\ProjektA.csproj", "{0DF498E9-6275-4049-A895-B6E3BB52E258}"
EndProject
Global
	GlobalSection(SolutionConfigurationPlatforms) = preSolution
		Debug|Any CPU = Debug|Any CPU
		Release|Any CPU = Release|Any CPU
	EndGlobalSection
	GlobalSection(ProjectConfigurationPlatforms) = postSolution
		{0DF498E9-6275-4049-A895-B6E3BB52E258}.Debug|Any CPU.ActiveCfg = Debug|Any CPU
		{0DF498E9-6275-4049-A895-B6E3BB52E258}.Debug|Any CPU.Build.0 = Debug|Any CPU
		{0DF498E9-6275-4049-A895-B6E3BB52E258}.Release|Any CPU.ActiveCfg = Release|Any CPU
		{0DF498E9-6275-4049-A895-B6E3BB52E258}.Release|Any CPU.Build.0 = Release|Any CPU
	EndGlobalSection
	GlobalSection(SolutionProperties) = preSolution
		HideSolutionNode = FALSE
	EndGlobalSection
	GlobalSection(ExtensibilityGlobals) = postSolution
		SolutionGuid = {568DD178-CA3A-4357-A14A-E66462E177CC}
	EndGlobalSection
EndGlobal
